github.com/barrett370/crongo v0.0.0-20230826235559-2414b311afd2 h1:4avC4UH4j0mQz0ybRBqsONHMp0Tpqsd5v7URWRL8ugM=
github.com/barrett370/crongo v0.0.0-20230826235559-2414b311afd2/go.mod h1:Q0uPAj//iy1rnmhZZxRjPVYotvxUHH0nR08bd9RA+80=
github.com/barrett370/crongo v0.0.1 h1:DsAqwemtiANMA9o8lreXiR2sS/8ekiBMvmEyNee5SDs=
github.com/barrett370/crongo v0.0.1/go.mod h1:tq5ALS/OzRxjKPmPXltSOkT7XuHXun/Ko+BOB2U1A1M=
